
Microsoft Visual Studio Solution File, Format Version 12.00
# Visual Studio Version 17
VisualStudioVersion = 17.2.32630.192
MinimumVisualStudioVersion = 10.0.40219.1
Project("{FAE04EC0-301F-11D3-BF4B-00C04F79EFBC}") = "Stage0", "Stage0\Stage0.csproj", "{77BC34C6-8772-4E1A-9983-7BFB742723FF}"
EndProject
Global
	GlobalSection(SolutionConfigurationPlatforms) = preSolution
		Debug|Any CPU = Debug|Any CPU
		Release|Any CPU = Release|Any CPU
	EndGlobalSection
	GlobalSection(ProjectConfigurationPlatforms) = postSolution
		{77BC34C6-8772-4E1A-9983-7BFB742723FF}.Debug|Any CPU.ActiveCfg = Debug|Any CPU
		{77BC34C6-8772-4E1A-9983-7BFB742723FF}.Debug|Any CPU.Build.0 = Debug|Any CPU
		{77BC34C6-8772-4E1A-9983-7BFB742723FF}.Release|Any CPU.ActiveCfg = Release|Any CPU
		{77BC34C6-8772-4E1A-9983-7BFB742723FF}.Release|Any CPU.Build.0 = Release|Any CPU
	EndGlobalSection
	GlobalSection(SolutionProperties) = preSolution
		HideSolutionNode = FALSE
	EndGlobalSection
	GlobalSection(ExtensibilityGlobals) = postSolution
		SolutionGuid = {1BA84B21-AA4E-42CC-AC04-7AD48D1F1165}
	EndGlobalSection
EndGlobal
