
Microsoft Visual Studio Solution File, Format Version 12.00
# Visual Studio Version 17
VisualStudioVersion = 17.2.32630.192
MinimumVisualStudioVersion = 10.0.40219.1
Project("{9A19103F-16F7-4668-BE54-9A1E7A4F7556}") = "Stage0", "Stage0\Stage0.csproj", "{77BC34C6-8772-4E1A-9983-7BFB742723FF}"
EndProject
Project("{2150E333-8FDC-42A3-9474-1A3956D46DE8}") = "Solution Items", "Solution Items", "{AF1106DA-BE37-4262-B5C8-3B5FDF114410}"
	ProjectSection(SolutionItems) = preProject
		README.md = README.md
	EndProjectSection
EndProject
Project("{9A19103F-16F7-4668-BE54-9A1E7A4F7556}") = "DalList", "DalList\DalList.csproj", "{8A17B402-8114-408E-A4DB-B723CC5C261D}"
EndProject
Project("{9A19103F-16F7-4668-BE54-9A1E7A4F7556}") = "DalTest", "DalTest\DalTest.csproj", "{8CA8EE9F-63C9-4C4E-8E11-D0240EA419EF}"
EndProject
Project("{9A19103F-16F7-4668-BE54-9A1E7A4F7556}") = "DalFacade", "DalFacade\DalFacade.csproj", "{5258EBD4-B8CE-4C31-B6A9-0EABBCBFD67E}"
EndProject
Project("{9A19103F-16F7-4668-BE54-9A1E7A4F7556}") = "BL", "BL\BL.csproj", "{7B5966DA-2EEB-44D8-9FFC-C5A1C11C9D96}"
EndProject
Project("{9A19103F-16F7-4668-BE54-9A1E7A4F7556}") = "BlTest", "BlTest\BlTest.csproj", "{677A95E6-0E12-4E0B-A8D2-EA9C50450150}"
EndProject
Project("{9A19103F-16F7-4668-BE54-9A1E7A4F7556}") = "PL", "PL\PL.csproj", "{766F7D01-FBBF-4B88-A695-8BF260520E06}"
EndProject
Project("{2150E333-8FDC-42A3-9474-1A3956D46DE8}") = "xml", "xml", "{8BA75BB9-6389-4E70-89A8-76EDE374BB05}"
	ProjectSection(SolutionItems) = preProject
		xml\config.xml = xml\config.xml
		xml\dal-config.xml = xml\dal-config.xml
		xml\Order.xml = xml\Order.xml
		xml\OrderItem.xml = xml\OrderItem.xml
		xml\Product.xml = xml\Product.xml
	EndProjectSection
EndProject
Project("{9A19103F-16F7-4668-BE54-9A1E7A4F7556}") = "DalXml", "DalXml\DalXml.csproj", "{8C606231-06C3-45F4-AE2C-ACC51B8C7A32}"
EndProject
Project("{FAE04EC0-301F-11D3-BF4B-00C04F79EFBC}") = "Simulator", "Simulator\Simulator.csproj", "{9245725B-65E7-4AEF-B474-F834C2C0755D}"
EndProject
Global
	GlobalSection(SolutionConfigurationPlatforms) = preSolution
		Debug|Any CPU = Debug|Any CPU
		Debug|ARM = Debug|ARM
		Debug|ARM64 = Debug|ARM64
		Debug|x64 = Debug|x64
		Debug|x86 = Debug|x86
		Release|Any CPU = Release|Any CPU
		Release|ARM = Release|ARM
		Release|ARM64 = Release|ARM64
		Release|x64 = Release|x64
		Release|x86 = Release|x86
	EndGlobalSection
	GlobalSection(ProjectConfigurationPlatforms) = postSolution
		{77BC34C6-8772-4E1A-9983-7BFB742723FF}.Debug|Any CPU.ActiveCfg = Debug|Any CPU
		{77BC34C6-8772-4E1A-9983-7BFB742723FF}.Debug|Any CPU.Build.0 = Debug|Any CPU
		{77BC34C6-8772-4E1A-9983-7BFB742723FF}.Debug|ARM.ActiveCfg = Debug|Any CPU
		{77BC34C6-8772-4E1A-9983-7BFB742723FF}.Debug|ARM.Build.0 = Debug|Any CPU
		{77BC34C6-8772-4E1A-9983-7BFB742723FF}.Debug|ARM64.ActiveCfg = Debug|Any CPU
		{77BC34C6-8772-4E1A-9983-7BFB742723FF}.Debug|ARM64.Build.0 = Debug|Any CPU
		{77BC34C6-8772-4E1A-9983-7BFB742723FF}.Debug|x64.ActiveCfg = Debug|Any CPU
		{77BC34C6-8772-4E1A-9983-7BFB742723FF}.Debug|x64.Build.0 = Debug|Any CPU
		{77BC34C6-8772-4E1A-9983-7BFB742723FF}.Debug|x86.ActiveCfg = Debug|Any CPU
		{77BC34C6-8772-4E1A-9983-7BFB742723FF}.Debug|x86.Build.0 = Debug|Any CPU
		{77BC34C6-8772-4E1A-9983-7BFB742723FF}.Release|Any CPU.ActiveCfg = Release|Any CPU
		{77BC34C6-8772-4E1A-9983-7BFB742723FF}.Release|Any CPU.Build.0 = Release|Any CPU
		{77BC34C6-8772-4E1A-9983-7BFB742723FF}.Release|ARM.ActiveCfg = Release|Any CPU
		{77BC34C6-8772-4E1A-9983-7BFB742723FF}.Release|ARM.Build.0 = Release|Any CPU
		{77BC34C6-8772-4E1A-9983-7BFB742723FF}.Release|ARM64.ActiveCfg = Release|Any CPU
		{77BC34C6-8772-4E1A-9983-7BFB742723FF}.Release|ARM64.Build.0 = Release|Any CPU
		{77BC34C6-8772-4E1A-9983-7BFB742723FF}.Release|x64.ActiveCfg = Release|Any CPU
		{77BC34C6-8772-4E1A-9983-7BFB742723FF}.Release|x64.Build.0 = Release|Any CPU
		{77BC34C6-8772-4E1A-9983-7BFB742723FF}.Release|x86.ActiveCfg = Release|Any CPU
		{77BC34C6-8772-4E1A-9983-7BFB742723FF}.Release|x86.Build.0 = Release|Any CPU
		{8A17B402-8114-408E-A4DB-B723CC5C261D}.Debug|Any CPU.ActiveCfg = Debug|Any CPU
		{8A17B402-8114-408E-A4DB-B723CC5C261D}.Debug|Any CPU.Build.0 = Debug|Any CPU
		{8A17B402-8114-408E-A4DB-B723CC5C261D}.Debug|ARM.ActiveCfg = Debug|Any CPU
		{8A17B402-8114-408E-A4DB-B723CC5C261D}.Debug|ARM.Build.0 = Debug|Any CPU
		{8A17B402-8114-408E-A4DB-B723CC5C261D}.Debug|ARM64.ActiveCfg = Debug|Any CPU
		{8A17B402-8114-408E-A4DB-B723CC5C261D}.Debug|ARM64.Build.0 = Debug|Any CPU
		{8A17B402-8114-408E-A4DB-B723CC5C261D}.Debug|x64.ActiveCfg = Debug|Any CPU
		{8A17B402-8114-408E-A4DB-B723CC5C261D}.Debug|x64.Build.0 = Debug|Any CPU
		{8A17B402-8114-408E-A4DB-B723CC5C261D}.Debug|x86.ActiveCfg = Debug|Any CPU
		{8A17B402-8114-408E-A4DB-B723CC5C261D}.Debug|x86.Build.0 = Debug|Any CPU
		{8A17B402-8114-408E-A4DB-B723CC5C261D}.Release|Any CPU.ActiveCfg = Release|Any CPU
		{8A17B402-8114-408E-A4DB-B723CC5C261D}.Release|Any CPU.Build.0 = Release|Any CPU
		{8A17B402-8114-408E-A4DB-B723CC5C261D}.Release|ARM.ActiveCfg = Release|Any CPU
		{8A17B402-8114-408E-A4DB-B723CC5C261D}.Release|ARM.Build.0 = Release|Any CPU
		{8A17B402-8114-408E-A4DB-B723CC5C261D}.Release|ARM64.ActiveCfg = Release|Any CPU
		{8A17B402-8114-408E-A4DB-B723CC5C261D}.Release|ARM64.Build.0 = Release|Any CPU
		{8A17B402-8114-408E-A4DB-B723CC5C261D}.Release|x64.ActiveCfg = Release|Any CPU
		{8A17B402-8114-408E-A4DB-B723CC5C261D}.Release|x64.Build.0 = Release|Any CPU
		{8A17B402-8114-408E-A4DB-B723CC5C261D}.Release|x86.ActiveCfg = Release|Any CPU
		{8A17B402-8114-408E-A4DB-B723CC5C261D}.Release|x86.Build.0 = Release|Any CPU
		{8CA8EE9F-63C9-4C4E-8E11-D0240EA419EF}.Debug|Any CPU.ActiveCfg = Debug|Any CPU
		{8CA8EE9F-63C9-4C4E-8E11-D0240EA419EF}.Debug|Any CPU.Build.0 = Debug|Any CPU
		{8CA8EE9F-63C9-4C4E-8E11-D0240EA419EF}.Debug|ARM.ActiveCfg = Debug|Any CPU
		{8CA8EE9F-63C9-4C4E-8E11-D0240EA419EF}.Debug|ARM.Build.0 = Debug|Any CPU
		{8CA8EE9F-63C9-4C4E-8E11-D0240EA419EF}.Debug|ARM64.ActiveCfg = Debug|Any CPU
		{8CA8EE9F-63C9-4C4E-8E11-D0240EA419EF}.Debug|ARM64.Build.0 = Debug|Any CPU
		{8CA8EE9F-63C9-4C4E-8E11-D0240EA419EF}.Debug|x64.ActiveCfg = Debug|Any CPU
		{8CA8EE9F-63C9-4C4E-8E11-D0240EA419EF}.Debug|x64.Build.0 = Debug|Any CPU
		{8CA8EE9F-63C9-4C4E-8E11-D0240EA419EF}.Debug|x86.ActiveCfg = Debug|Any CPU
		{8CA8EE9F-63C9-4C4E-8E11-D0240EA419EF}.Debug|x86.Build.0 = Debug|Any CPU
		{8CA8EE9F-63C9-4C4E-8E11-D0240EA419EF}.Release|Any CPU.ActiveCfg = Release|Any CPU
		{8CA8EE9F-63C9-4C4E-8E11-D0240EA419EF}.Release|Any CPU.Build.0 = Release|Any CPU
		{8CA8EE9F-63C9-4C4E-8E11-D0240EA419EF}.Release|ARM.ActiveCfg = Release|Any CPU
		{8CA8EE9F-63C9-4C4E-8E11-D0240EA419EF}.Release|ARM.Build.0 = Release|Any CPU
		{8CA8EE9F-63C9-4C4E-8E11-D0240EA419EF}.Release|ARM64.ActiveCfg = Release|Any CPU
		{8CA8EE9F-63C9-4C4E-8E11-D0240EA419EF}.Release|ARM64.Build.0 = Release|Any CPU
		{8CA8EE9F-63C9-4C4E-8E11-D0240EA419EF}.Release|x64.ActiveCfg = Release|Any CPU
		{8CA8EE9F-63C9-4C4E-8E11-D0240EA419EF}.Release|x64.Build.0 = Release|Any CPU
		{8CA8EE9F-63C9-4C4E-8E11-D0240EA419EF}.Release|x86.ActiveCfg = Release|Any CPU
		{8CA8EE9F-63C9-4C4E-8E11-D0240EA419EF}.Release|x86.Build.0 = Release|Any CPU
		{5258EBD4-B8CE-4C31-B6A9-0EABBCBFD67E}.Debug|Any CPU.ActiveCfg = Debug|Any CPU
		{5258EBD4-B8CE-4C31-B6A9-0EABBCBFD67E}.Debug|Any CPU.Build.0 = Debug|Any CPU
		{5258EBD4-B8CE-4C31-B6A9-0EABBCBFD67E}.Debug|ARM.ActiveCfg = Debug|Any CPU
		{5258EBD4-B8CE-4C31-B6A9-0EABBCBFD67E}.Debug|ARM.Build.0 = Debug|Any CPU
		{5258EBD4-B8CE-4C31-B6A9-0EABBCBFD67E}.Debug|ARM64.ActiveCfg = Debug|Any CPU
		{5258EBD4-B8CE-4C31-B6A9-0EABBCBFD67E}.Debug|ARM64.Build.0 = Debug|Any CPU
		{5258EBD4-B8CE-4C31-B6A9-0EABBCBFD67E}.Debug|x64.ActiveCfg = Debug|Any CPU
		{5258EBD4-B8CE-4C31-B6A9-0EABBCBFD67E}.Debug|x64.Build.0 = Debug|Any CPU
		{5258EBD4-B8CE-4C31-B6A9-0EABBCBFD67E}.Debug|x86.ActiveCfg = Debug|Any CPU
		{5258EBD4-B8CE-4C31-B6A9-0EABBCBFD67E}.Debug|x86.Build.0 = Debug|Any CPU
		{5258EBD4-B8CE-4C31-B6A9-0EABBCBFD67E}.Release|Any CPU.ActiveCfg = Release|Any CPU
		{5258EBD4-B8CE-4C31-B6A9-0EABBCBFD67E}.Release|Any CPU.Build.0 = Release|Any CPU
		{5258EBD4-B8CE-4C31-B6A9-0EABBCBFD67E}.Release|ARM.ActiveCfg = Release|Any CPU
		{5258EBD4-B8CE-4C31-B6A9-0EABBCBFD67E}.Release|ARM.Build.0 = Release|Any CPU
		{5258EBD4-B8CE-4C31-B6A9-0EABBCBFD67E}.Release|ARM64.ActiveCfg = Release|Any CPU
		{5258EBD4-B8CE-4C31-B6A9-0EABBCBFD67E}.Release|ARM64.Build.0 = Release|Any CPU
		{5258EBD4-B8CE-4C31-B6A9-0EABBCBFD67E}.Release|x64.ActiveCfg = Release|Any CPU
		{5258EBD4-B8CE-4C31-B6A9-0EABBCBFD67E}.Release|x64.Build.0 = Release|Any CPU
		{5258EBD4-B8CE-4C31-B6A9-0EABBCBFD67E}.Release|x86.ActiveCfg = Release|Any CPU
		{5258EBD4-B8CE-4C31-B6A9-0EABBCBFD67E}.Release|x86.Build.0 = Release|Any CPU
		{7B5966DA-2EEB-44D8-9FFC-C5A1C11C9D96}.Debug|Any CPU.ActiveCfg = Debug|Any CPU
		{7B5966DA-2EEB-44D8-9FFC-C5A1C11C9D96}.Debug|Any CPU.Build.0 = Debug|Any CPU
		{7B5966DA-2EEB-44D8-9FFC-C5A1C11C9D96}.Debug|ARM.ActiveCfg = Debug|Any CPU
		{7B5966DA-2EEB-44D8-9FFC-C5A1C11C9D96}.Debug|ARM.Build.0 = Debug|Any CPU
		{7B5966DA-2EEB-44D8-9FFC-C5A1C11C9D96}.Debug|ARM64.ActiveCfg = Debug|Any CPU
		{7B5966DA-2EEB-44D8-9FFC-C5A1C11C9D96}.Debug|ARM64.Build.0 = Debug|Any CPU
		{7B5966DA-2EEB-44D8-9FFC-C5A1C11C9D96}.Debug|x64.ActiveCfg = Debug|Any CPU
		{7B5966DA-2EEB-44D8-9FFC-C5A1C11C9D96}.Debug|x64.Build.0 = Debug|Any CPU
		{7B5966DA-2EEB-44D8-9FFC-C5A1C11C9D96}.Debug|x86.ActiveCfg = Debug|Any CPU
		{7B5966DA-2EEB-44D8-9FFC-C5A1C11C9D96}.Debug|x86.Build.0 = Debug|Any CPU
		{7B5966DA-2EEB-44D8-9FFC-C5A1C11C9D96}.Release|Any CPU.ActiveCfg = Release|Any CPU
		{7B5966DA-2EEB-44D8-9FFC-C5A1C11C9D96}.Release|Any CPU.Build.0 = Release|Any CPU
		{7B5966DA-2EEB-44D8-9FFC-C5A1C11C9D96}.Release|ARM.ActiveCfg = Release|Any CPU
		{7B5966DA-2EEB-44D8-9FFC-C5A1C11C9D96}.Release|ARM.Build.0 = Release|Any CPU
		{7B5966DA-2EEB-44D8-9FFC-C5A1C11C9D96}.Release|ARM64.ActiveCfg = Release|Any CPU
		{7B5966DA-2EEB-44D8-9FFC-C5A1C11C9D96}.Release|ARM64.Build.0 = Release|Any CPU
		{7B5966DA-2EEB-44D8-9FFC-C5A1C11C9D96}.Release|x64.ActiveCfg = Release|Any CPU
		{7B5966DA-2EEB-44D8-9FFC-C5A1C11C9D96}.Release|x64.Build.0 = Release|Any CPU
		{7B5966DA-2EEB-44D8-9FFC-C5A1C11C9D96}.Release|x86.ActiveCfg = Release|Any CPU
		{7B5966DA-2EEB-44D8-9FFC-C5A1C11C9D96}.Release|x86.Build.0 = Release|Any CPU
		{677A95E6-0E12-4E0B-A8D2-EA9C50450150}.Debug|Any CPU.ActiveCfg = Debug|Any CPU
		{677A95E6-0E12-4E0B-A8D2-EA9C50450150}.Debug|Any CPU.Build.0 = Debug|Any CPU
		{677A95E6-0E12-4E0B-A8D2-EA9C50450150}.Debug|ARM.ActiveCfg = Debug|Any CPU
		{677A95E6-0E12-4E0B-A8D2-EA9C50450150}.Debug|ARM.Build.0 = Debug|Any CPU
		{677A95E6-0E12-4E0B-A8D2-EA9C50450150}.Debug|ARM64.ActiveCfg = Debug|Any CPU
		{677A95E6-0E12-4E0B-A8D2-EA9C50450150}.Debug|ARM64.Build.0 = Debug|Any CPU
		{677A95E6-0E12-4E0B-A8D2-EA9C50450150}.Debug|x64.ActiveCfg = Debug|Any CPU
		{677A95E6-0E12-4E0B-A8D2-EA9C50450150}.Debug|x64.Build.0 = Debug|Any CPU
		{677A95E6-0E12-4E0B-A8D2-EA9C50450150}.Debug|x86.ActiveCfg = Debug|Any CPU
		{677A95E6-0E12-4E0B-A8D2-EA9C50450150}.Debug|x86.Build.0 = Debug|Any CPU
		{677A95E6-0E12-4E0B-A8D2-EA9C50450150}.Release|Any CPU.ActiveCfg = Release|Any CPU
		{677A95E6-0E12-4E0B-A8D2-EA9C50450150}.Release|Any CPU.Build.0 = Release|Any CPU
		{677A95E6-0E12-4E0B-A8D2-EA9C50450150}.Release|ARM.ActiveCfg = Release|Any CPU
		{677A95E6-0E12-4E0B-A8D2-EA9C50450150}.Release|ARM.Build.0 = Release|Any CPU
		{677A95E6-0E12-4E0B-A8D2-EA9C50450150}.Release|ARM64.ActiveCfg = Release|Any CPU
		{677A95E6-0E12-4E0B-A8D2-EA9C50450150}.Release|ARM64.Build.0 = Release|Any CPU
		{677A95E6-0E12-4E0B-A8D2-EA9C50450150}.Release|x64.ActiveCfg = Release|Any CPU
		{677A95E6-0E12-4E0B-A8D2-EA9C50450150}.Release|x64.Build.0 = Release|Any CPU
		{677A95E6-0E12-4E0B-A8D2-EA9C50450150}.Release|x86.ActiveCfg = Release|Any CPU
		{677A95E6-0E12-4E0B-A8D2-EA9C50450150}.Release|x86.Build.0 = Release|Any CPU
		{766F7D01-FBBF-4B88-A695-8BF260520E06}.Debug|Any CPU.ActiveCfg = Debug|Any CPU
		{766F7D01-FBBF-4B88-A695-8BF260520E06}.Debug|Any CPU.Build.0 = Debug|Any CPU
		{766F7D01-FBBF-4B88-A695-8BF260520E06}.Debug|ARM.ActiveCfg = Debug|Any CPU
		{766F7D01-FBBF-4B88-A695-8BF260520E06}.Debug|ARM.Build.0 = Debug|Any CPU
		{766F7D01-FBBF-4B88-A695-8BF260520E06}.Debug|ARM64.ActiveCfg = Debug|Any CPU
		{766F7D01-FBBF-4B88-A695-8BF260520E06}.Debug|ARM64.Build.0 = Debug|Any CPU
		{766F7D01-FBBF-4B88-A695-8BF260520E06}.Debug|x64.ActiveCfg = Debug|Any CPU
		{766F7D01-FBBF-4B88-A695-8BF260520E06}.Debug|x64.Build.0 = Debug|Any CPU
		{766F7D01-FBBF-4B88-A695-8BF260520E06}.Debug|x86.ActiveCfg = Debug|Any CPU
		{766F7D01-FBBF-4B88-A695-8BF260520E06}.Debug|x86.Build.0 = Debug|Any CPU
		{766F7D01-FBBF-4B88-A695-8BF260520E06}.Release|Any CPU.ActiveCfg = Release|Any CPU
		{766F7D01-FBBF-4B88-A695-8BF260520E06}.Release|Any CPU.Build.0 = Release|Any CPU
		{766F7D01-FBBF-4B88-A695-8BF260520E06}.Release|ARM.ActiveCfg = Release|Any CPU
		{766F7D01-FBBF-4B88-A695-8BF260520E06}.Release|ARM.Build.0 = Release|Any CPU
		{766F7D01-FBBF-4B88-A695-8BF260520E06}.Release|ARM64.ActiveCfg = Release|Any CPU
		{766F7D01-FBBF-4B88-A695-8BF260520E06}.Release|ARM64.Build.0 = Release|Any CPU
		{766F7D01-FBBF-4B88-A695-8BF260520E06}.Release|x64.ActiveCfg = Release|Any CPU
		{766F7D01-FBBF-4B88-A695-8BF260520E06}.Release|x64.Build.0 = Release|Any CPU
		{766F7D01-FBBF-4B88-A695-8BF260520E06}.Release|x86.ActiveCfg = Release|Any CPU
		{766F7D01-FBBF-4B88-A695-8BF260520E06}.Release|x86.Build.0 = Release|Any CPU
		{8C606231-06C3-45F4-AE2C-ACC51B8C7A32}.Debug|Any CPU.ActiveCfg = Debug|Any CPU
		{8C606231-06C3-45F4-AE2C-ACC51B8C7A32}.Debug|Any CPU.Build.0 = Debug|Any CPU
		{8C606231-06C3-45F4-AE2C-ACC51B8C7A32}.Debug|ARM.ActiveCfg = Debug|Any CPU
		{8C606231-06C3-45F4-AE2C-ACC51B8C7A32}.Debug|ARM.Build.0 = Debug|Any CPU
		{8C606231-06C3-45F4-AE2C-ACC51B8C7A32}.Debug|ARM64.ActiveCfg = Debug|Any CPU
		{8C606231-06C3-45F4-AE2C-ACC51B8C7A32}.Debug|ARM64.Build.0 = Debug|Any CPU
		{8C606231-06C3-45F4-AE2C-ACC51B8C7A32}.Debug|x64.ActiveCfg = Debug|Any CPU
		{8C606231-06C3-45F4-AE2C-ACC51B8C7A32}.Debug|x64.Build.0 = Debug|Any CPU
		{8C606231-06C3-45F4-AE2C-ACC51B8C7A32}.Debug|x86.ActiveCfg = Debug|Any CPU
		{8C606231-06C3-45F4-AE2C-ACC51B8C7A32}.Debug|x86.Build.0 = Debug|Any CPU
		{8C606231-06C3-45F4-AE2C-ACC51B8C7A32}.Release|Any CPU.ActiveCfg = Release|Any CPU
		{8C606231-06C3-45F4-AE2C-ACC51B8C7A32}.Release|Any CPU.Build.0 = Release|Any CPU
		{8C606231-06C3-45F4-AE2C-ACC51B8C7A32}.Release|ARM.ActiveCfg = Release|Any CPU
		{8C606231-06C3-45F4-AE2C-ACC51B8C7A32}.Release|ARM.Build.0 = Release|Any CPU
		{8C606231-06C3-45F4-AE2C-ACC51B8C7A32}.Release|ARM64.ActiveCfg = Release|Any CPU
		{8C606231-06C3-45F4-AE2C-ACC51B8C7A32}.Release|ARM64.Build.0 = Release|Any CPU
		{8C606231-06C3-45F4-AE2C-ACC51B8C7A32}.Release|x64.ActiveCfg = Release|Any CPU
		{8C606231-06C3-45F4-AE2C-ACC51B8C7A32}.Release|x64.Build.0 = Release|Any CPU
		{8C606231-06C3-45F4-AE2C-ACC51B8C7A32}.Release|x86.ActiveCfg = Release|Any CPU
		{8C606231-06C3-45F4-AE2C-ACC51B8C7A32}.Release|x86.Build.0 = Release|Any CPU
		{9245725B-65E7-4AEF-B474-F834C2C0755D}.Debug|Any CPU.ActiveCfg = Debug|Any CPU
		{9245725B-65E7-4AEF-B474-F834C2C0755D}.Debug|Any CPU.Build.0 = Debug|Any CPU
		{9245725B-65E7-4AEF-B474-F834C2C0755D}.Debug|ARM.ActiveCfg = Debug|Any CPU
		{9245725B-65E7-4AEF-B474-F834C2C0755D}.Debug|ARM.Build.0 = Debug|Any CPU
		{9245725B-65E7-4AEF-B474-F834C2C0755D}.Debug|ARM64.ActiveCfg = Debug|Any CPU
		{9245725B-65E7-4AEF-B474-F834C2C0755D}.Debug|ARM64.Build.0 = Debug|Any CPU
		{9245725B-65E7-4AEF-B474-F834C2C0755D}.Debug|x64.ActiveCfg = Debug|Any CPU
		{9245725B-65E7-4AEF-B474-F834C2C0755D}.Debug|x64.Build.0 = Debug|Any CPU
		{9245725B-65E7-4AEF-B474-F834C2C0755D}.Debug|x86.ActiveCfg = Debug|Any CPU
		{9245725B-65E7-4AEF-B474-F834C2C0755D}.Debug|x86.Build.0 = Debug|Any CPU
		{9245725B-65E7-4AEF-B474-F834C2C0755D}.Release|Any CPU.ActiveCfg = Release|Any CPU
		{9245725B-65E7-4AEF-B474-F834C2C0755D}.Release|Any CPU.Build.0 = Release|Any CPU
		{9245725B-65E7-4AEF-B474-F834C2C0755D}.Release|ARM.ActiveCfg = Release|Any CPU
		{9245725B-65E7-4AEF-B474-F834C2C0755D}.Release|ARM.Build.0 = Release|Any CPU
		{9245725B-65E7-4AEF-B474-F834C2C0755D}.Release|ARM64.ActiveCfg = Release|Any CPU
		{9245725B-65E7-4AEF-B474-F834C2C0755D}.Release|ARM64.Build.0 = Release|Any CPU
		{9245725B-65E7-4AEF-B474-F834C2C0755D}.Release|x64.ActiveCfg = Release|Any CPU
		{9245725B-65E7-4AEF-B474-F834C2C0755D}.Release|x64.Build.0 = Release|Any CPU
		{9245725B-65E7-4AEF-B474-F834C2C0755D}.Release|x86.ActiveCfg = Release|Any CPU
		{9245725B-65E7-4AEF-B474-F834C2C0755D}.Release|x86.Build.0 = Release|Any CPU
	EndGlobalSection
	GlobalSection(SolutionProperties) = preSolution
		HideSolutionNode = FALSE
	EndGlobalSection
	GlobalSection(ExtensibilityGlobals) = postSolution
		SolutionGuid = {1BA84B21-AA4E-42CC-AC04-7AD48D1F1165}
	EndGlobalSection
EndGlobal
