
Microsoft Visual Studio Solution File, Format Version 12.00
# Visual Studio Version 17
VisualStudioVersion = 17.2.32630.192
MinimumVisualStudioVersion = 10.0.40219.1
Project("{FAE04EC0-301F-11D3-BF4B-00C04F79EFBC}") = "Stage0", "Stage0\Stage0.csproj", "{1D9BDE5F-8B8F-451E-A4F9-27358E27B6BF}"
EndProject
Global
	GlobalSection(SolutionConfigurationPlatforms) = preSolution
		Debug|Any CPU = Debug|Any CPU
		Release|Any CPU = Release|Any CPU
	EndGlobalSection
	GlobalSection(ProjectConfigurationPlatforms) = postSolution
		{1D9BDE5F-8B8F-451E-A4F9-27358E27B6BF}.Debug|Any CPU.ActiveCfg = Debug|Any CPU
		{1D9BDE5F-8B8F-451E-A4F9-27358E27B6BF}.Debug|Any CPU.Build.0 = Debug|Any CPU
		{1D9BDE5F-8B8F-451E-A4F9-27358E27B6BF}.Release|Any CPU.ActiveCfg = Release|Any CPU
		{1D9BDE5F-8B8F-451E-A4F9-27358E27B6BF}.Release|Any CPU.Build.0 = Release|Any CPU
	EndGlobalSection
	GlobalSection(SolutionProperties) = preSolution
		HideSolutionNode = FALSE
	EndGlobalSection
	GlobalSection(ExtensibilityGlobals) = postSolution
		SolutionGuid = {01A73C94-76FE-4B91-8514-1229D9D1B7D1}
	EndGlobalSection
EndGlobal
